%{
  "decimal": {:hex, :decimal, "1.5.0", "b0433a36d0e2430e3d50291b1c65f53c37d56f83665b43d79963684865beab68", [:mix], [], "hexpm"},
  "dialyxir": {:hex, :dialyxir, "0.5.1", "b331b091720fd93e878137add264bac4f644e1ddae07a70bf7062c7862c4b952", [:mix], [], "hexpm"},
  "esqlite": {:hex, :esqlite, "0.2.4", "3a8a352c190afe2d6b828b252a6fbff65b5cc1124647f38b15bdab3bf6fd4b3e", [:rebar3], [], "hexpm"},
  "exlager": {:git, "https://github.com/khia/exlager.git", "3524bd9c88f0ff9f85f63f775ab971848e91db8b", []},
  "gen_stage": {:hex, :gen_stage, "0.13.1", "edff5bca9cab22c5d03a834062515e6a1aeeb7665fb44eddae086252e39c4378", [:mix], [], "hexpm"},
  "goldrush": {:hex, :goldrush, "0.1.9", "f06e5d5f1277da5c413e84d5a2924174182fb108dabb39d5ec548b27424cd106", [:rebar3], [], "hexpm"},
  "jason": {:hex, :jason, "1.0.0", "0f7cfa9bdb23fed721ec05419bcee2b2c21a77e926bce0deda029b5adc716fe2", [:mix], [{:decimal, "~> 1.0", [hex: :decimal, repo: "hexpm", optional: true]}], "hexpm"},
  "jsx": {:git, "https://github.com/talentdeficit/jsx.git", "45ffea21a6863c58fb7da1f937e868916ff68b27", []},
  "lager": {:hex, :lager, "3.6.3", "fe78951d174616273f87f0dbc3374d1430b1952e5efc4e1c995592d30a207294", [:rebar3], [{:goldrush, "0.1.9", [hex: :goldrush, repo: "hexpm", optional: false]}], "hexpm"},
  "nimble_csv": {:hex, :nimble_csv, "0.4.0", "e2a21d93071cb3b3278411b5b49fe6b55a0e4b3e90485d1187e0c9c75c74f977", [:mix], [], "hexpm"},
  "recon": {:hex, :recon, "2.3.4", "b406c2fccdeaa0d94e23b5e30ae3d635a2d461e363a5c9c6316897037cf050d2", [:rebar3], [], "hexpm"},
  "rocksdb": {:git, "https://gitlab.com/barrel-db/erlang-rocksdb.git", "9fa721a71cc27ceb607ae19a55ae417a09c2e4ef", []},
  "sqlitex": {:hex, :sqlitex, "1.4.3", "a50f12d6aeb25f4ebb128453386c09bbba8f5abd3c7713dc5eaa92f359926ac5", [:mix], [{:decimal, "~> 1.5", [hex: :decimal, repo: "hexpm", optional: false]}, {:esqlite, "~> 0.2.4", [hex: :esqlite, repo: "hexpm", optional: false]}], "hexpm"},
}
